
Microsoft Visual Studio Solution File, Format Version 12.00
# Visual Studio Version 17
VisualStudioVersion = 17.8.34309.116
MinimumVisualStudioVersion = 10.0.40219.1
Project("{FAE04EC0-301F-11D3-BF4B-00C04F79EFBC}") = "programming code", "programming code.csproj", "{B81753D9-0590-4511-8107-62E503FBF3F9}"
EndProject
Global
	GlobalSection(SolutionConfigurationPlatforms) = preSolution
		Debug|Any CPU = Debug|Any CPU
		Release|Any CPU = Release|Any CPU
	EndGlobalSection
	GlobalSection(ProjectConfigurationPlatforms) = postSolution
		{B81753D9-0590-4511-8107-62E503FBF3F9}.Debug|Any CPU.ActiveCfg = Debug|Any CPU
		{B81753D9-0590-4511-8107-62E503FBF3F9}.Debug|Any CPU.Build.0 = Debug|Any CPU
		{B81753D9-0590-4511-8107-62E503FBF3F9}.Release|Any CPU.ActiveCfg = Release|Any CPU
		{B81753D9-0590-4511-8107-62E503FBF3F9}.Release|Any CPU.Build.0 = Release|Any CPU
	EndGlobalSection
	GlobalSection(SolutionProperties) = preSolution
		HideSolutionNode = FALSE
	EndGlobalSection
	GlobalSection(ExtensibilityGlobals) = postSolution
		SolutionGuid = {6AA50C0A-0F81-49E5-B9FB-EB9CD9887C22}
	EndGlobalSection
EndGlobal
